<?xml version="1.0" encoding="utf-8"?>
<Project ToolsVersion="4.0" xmlns="http://schemas.microsoft.com/developer/msbuild/2003">
  <ItemGroup>
    <Filter Include="소스 파일">
      <UniqueIdentifier>{4FC737F1-C7A5-4376-A066-2A32D752A2FF}</UniqueIdentifier>
      <Extensions>cpp;c;cc;cxx;def;odl;idl;hpj;bat;asm;asmx</Extensions>
    </Filter>
    <Filter Include="헤더 파일">
      <UniqueIdentifier>{93995380-89BD-4b04-88EB-625FBE52EBFB}</UniqueIdentifier>
      <Extensions>h;hh;hpp;hxx;hm;inl;inc;xsd</Extensions>
    </Filter>
    <Filter Include="리소스 파일">
      <UniqueIdentifier>{67DA6AB6-F800-4c08-8B7A-83BB121AAD01}</UniqueIdentifier>
      <Extensions>rc;ico;cur;bmp;dlg;rc2;rct;bin;rgs;gif;jpg;jpeg;jpe;resx;tiff;tif;png;wav;mfcribbon-ms</Extensions>
    </Filter>
  </ItemGroup>
  <ItemGroup>
    <ClInclude Include="actor_define.h">
      <Filter>소스 파일</Filter>
    </ClInclude>
    <ClInclude Include="agent.h">
      <Filter>소스 파일</Filter>
    </ClInclude>
    <ClInclude Include="bnf.h">
      <Filter>소스 파일</Filter>
    </ClInclude>
    <ClInclude Include="boostcommon.h">
      <Filter>소스 파일</Filter>
    </ClInclude>
    <ClInclude Include="cbilling.h">
      <Filter>소스 파일</Filter>
    </ClInclude>
    <ClInclude Include="ccenter.h">
      <Filter>소스 파일</Filter>
    </ClInclude>
    <ClInclude Include="ccenter_accept.h">
      <Filter>소스 파일</Filter>
    </ClInclude>
    <ClInclude Include="cdbworker.h">
      <Filter>소스 파일</Filter>
    </ClInclude>
    <ClInclude Include="chatannounce.h">
      <Filter>소스 파일</Filter>
    </ClInclude>
    <ClInclude Include="cmonitor.h">
      <Filter>소스 파일</Filter>
    </ClInclude>
    <ClInclude Include="common.h">
      <Filter>소스 파일</Filter>
    </ClInclude>
    <ClInclude Include="Config_INI.h">
      <Filter>소스 파일</Filter>
    </ClInclude>
    <ClInclude Include="connmonitorservice.h">
      <Filter>소스 파일</Filter>
    </ClInclude>
    <ClInclude Include="connmonitorservice_accept.h">
      <Filter>소스 파일</Filter>
    </ClInclude>
    <ClInclude Include="cserver_session.h">
      <Filter>소스 파일</Filter>
    </ClInclude>
    <ClInclude Include="cserver_session_manager.h">
      <Filter>소스 파일</Filter>
    </ClInclude>
    <ClInclude Include="define_chat.h">
      <Filter>소스 파일</Filter>
    </ClInclude>
    <ClInclude Include="define_guild.h">
      <Filter>소스 파일</Filter>
    </ClInclude>
    <ClInclude Include="define_instance.h">
      <Filter>소스 파일</Filter>
    </ClInclude>
    <ClInclude Include="define_mail.h">
      <Filter>소스 파일</Filter>
    </ClInclude>
    <ClInclude Include="define_missionmap.h">
      <Filter>소스 파일</Filter>
    </ClInclude>
    <ClInclude Include="define_quest.h">
      <Filter>소스 파일</Filter>
    </ClInclude>
    <ClInclude Include="dodb_type.h">
      <Filter>소스 파일</Filter>
    </ClInclude>
    <ClInclude Include="gameannounce.h">
      <Filter>소스 파일</Filter>
    </ClInclude>
    <ClInclude Include="gamerequest.h">
      <Filter>소스 파일</Filter>
    </ClInclude>
    <ClInclude Include="gameresponse.h">
      <Filter>소스 파일</Filter>
    </ClInclude>
    <ClInclude Include="gameshare.h">
      <Filter>소스 파일</Filter>
    </ClInclude>
    <ClInclude Include="gmapsetting.h">
      <Filter>소스 파일</Filter>
    </ClInclude>
    <ClInclude Include="gmobdatamanager.h">
      <Filter>소스 파일</Filter>
    </ClInclude>
    <ClInclude Include="grandomoption.h">
      <Filter>소스 파일</Filter>
    </ClInclude>
    <ClInclude Include="gsystemcontrol.h">
      <Filter>소스 파일</Filter>
    </ClInclude>
    <ClInclude Include="instancecooltimemanager.h">
      <Filter>소스 파일</Filter>
    </ClInclude>
    <ClInclude Include="instancemapmanager.h">
      <Filter>소스 파일</Filter>
    </ClInclude>
    <ClInclude Include="lib_common.h">
      <Filter>소스 파일</Filter>
    </ClInclude>
    <ClInclude Include="listen_session.h">
      <Filter>소스 파일</Filter>
    </ClInclude>
    <ClInclude Include="listen_sessionImpl.h">
      <Filter>소스 파일</Filter>
    </ClInclude>
    <ClInclude Include="listen_sessionTcp.h">
      <Filter>소스 파일</Filter>
    </ClInclude>
    <ClInclude Include="localannounce.h">
      <Filter>소스 파일</Filter>
    </ClInclude>
    <ClInclude Include="localrequest.h">
      <Filter>소스 파일</Filter>
    </ClInclude>
    <ClInclude Include="localresponse.h">
      <Filter>소스 파일</Filter>
    </ClInclude>
    <ClInclude Include="localtype.h">
      <Filter>소스 파일</Filter>
    </ClInclude>
    <ClInclude Include="log.h">
      <Filter>소스 파일</Filter>
    </ClInclude>
    <ClInclude Include="log_reason.h">
      <Filter>소스 파일</Filter>
    </ClInclude>
    <ClInclude Include="logger.h">
      <Filter>소스 파일</Filter>
    </ClInclude>
    <ClInclude Include="logsystem.h">
      <Filter>소스 파일</Filter>
    </ClInclude>
    <ClInclude Include="lzoconf.h">
      <Filter>소스 파일</Filter>
    </ClInclude>
    <ClInclude Include="lzodefs.h">
      <Filter>소스 파일</Filter>
    </ClInclude>
    <ClInclude Include="map_ts.h">
      <Filter>소스 파일</Filter>
    </ClInclude>
    <ClInclude Include="mcenteraccept.h">
      <Filter>소스 파일</Filter>
    </ClInclude>
    <ClInclude Include="mcenterservice.h">
      <Filter>소스 파일</Filter>
    </ClInclude>
    <ClInclude Include="mdbworker.h">
      <Filter>소스 파일</Filter>
    </ClInclude>
    <ClInclude Include="MemoryPoolBase.h">
      <Filter>소스 파일</Filter>
    </ClInclude>
    <ClInclude Include="mloginaccept.h">
      <Filter>소스 파일</Filter>
    </ClInclude>
    <ClInclude Include="mloginservice.h">
      <Filter>소스 파일</Filter>
    </ClInclude>
    <ClInclude Include="monitorannounce.h">
      <Filter>소스 파일</Filter>
    </ClInclude>
    <ClInclude Include="monitorrequest.h">
      <Filter>소스 파일</Filter>
    </ClInclude>
    <ClInclude Include="monitorresponse.h">
      <Filter>소스 파일</Filter>
    </ClInclude>
    <ClInclude Include="mservercmd.h">
      <Filter>소스 파일</Filter>
    </ClInclude>
    <ClInclude Include="mservercmd_service.h">
      <Filter>소스 파일</Filter>
    </ClInclude>
    <ClInclude Include="mservercommandmanager.h">
      <Filter>소스 파일</Filter>
    </ClInclude>
    <ClInclude Include="mservermanager.h">
      <Filter>소스 파일</Filter>
    </ClInclude>
    <ClInclude Include="myhaMaster.h">
      <Filter>소스 파일</Filter>
    </ClInclude>
    <ClInclude Include="network_util.h">
      <Filter>소스 파일</Filter>
    </ClInclude>
    <ClInclude Include="ProcessCheck.h">
      <Filter>소스 파일</Filter>
    </ClInclude>
    <ClInclude Include="queue_ts.h">
      <Filter>소스 파일</Filter>
    </ClInclude>
    <ClInclude Include="random_machine.h">
      <Filter>소스 파일</Filter>
    </ClInclude>
    <ClInclude Include="rngeom.h">
      <Filter>소스 파일</Filter>
    </ClInclude>
    <ClInclude Include="rnipdata.h">
      <Filter>소스 파일</Filter>
    </ClInclude>
    <ClInclude Include="rnpacket.h">
      <Filter>소스 파일</Filter>
    </ClInclude>
    <ClInclude Include="rnsocketiohandler.h">
      <Filter>소스 파일</Filter>
    </ClInclude>
    <ClInclude Include="rnsocketioservice.h">
      <Filter>소스 파일</Filter>
    </ClInclude>
    <ClInclude Include="rnsocketioserviceImpl.h">
      <Filter>소스 파일</Filter>
    </ClInclude>
    <ClInclude Include="rnsocketioserviceTcp.h">
      <Filter>소스 파일</Filter>
    </ClInclude>
    <ClInclude Include="rntime.h">
      <Filter>소스 파일</Filter>
    </ClInclude>
    <ClInclude Include="rntype.h">
      <Filter>소스 파일</Filter>
    </ClInclude>
    <ClInclude Include="seq_manager.h">
      <Filter>소스 파일</Filter>
    </ClInclude>
    <ClInclude Include="service.h">
      <Filter>소스 파일</Filter>
    </ClInclude>
    <ClInclude Include="session_base.h">
      <Filter>소스 파일</Filter>
    </ClInclude>
    <ClInclude Include="singleton.h">
      <Filter>소스 파일</Filter>
    </ClInclude>
    <ClInclude Include="status.h">
      <Filter>소스 파일</Filter>
    </ClInclude>
    <ClInclude Include="stdafx.h">
      <Filter>소스 파일</Filter>
    </ClInclude>
    <ClInclude Include="threaddata.h">
      <Filter>소스 파일</Filter>
    </ClInclude>
    <ClInclude Include="timer_session.h">
      <Filter>소스 파일</Filter>
    </ClInclude>
    <ClInclude Include="type.h">
      <Filter>소스 파일</Filter>
    </ClInclude>
    <ClInclude Include="unordered_map_ts.h">
      <Filter>소스 파일</Filter>
    </ClInclude>
    <ClInclude Include="myhaSlave.h">
      <Filter>소스 파일</Filter>
    </ClInclude>
    <ClInclude Include="castislogger.h">
      <Filter>소스 파일</Filter>
    </ClInclude>
  </ItemGroup>
  <ItemGroup>
    <ClCompile Include="bnf.cc">
      <Filter>소스 파일</Filter>
    </ClCompile>
    <ClCompile Include="cbilling.cc">
      <Filter>소스 파일</Filter>
    </ClCompile>
    <ClCompile Include="ccenter.cc">
      <Filter>소스 파일</Filter>
    </ClCompile>
    <ClCompile Include="ccenter_accept.cc">
      <Filter>소스 파일</Filter>
    </ClCompile>
    <ClCompile Include="cdbworker.cc">
      <Filter>소스 파일</Filter>
    </ClCompile>
    <ClCompile Include="cmonitor.cc">
      <Filter>소스 파일</Filter>
    </ClCompile>
    <ClCompile Include="Config_INI.cc">
      <Filter>소스 파일</Filter>
    </ClCompile>
    <ClCompile Include="connmonitorservice.cc">
      <Filter>소스 파일</Filter>
    </ClCompile>
    <ClCompile Include="connmonitorservice_accept.cc">
      <Filter>소스 파일</Filter>
    </ClCompile>
    <ClCompile Include="cserver_session.cc">
      <Filter>소스 파일</Filter>
    </ClCompile>
    <ClCompile Include="cserver_session_manager.cc">
      <Filter>소스 파일</Filter>
    </ClCompile>
    <ClCompile Include="gmapsetting.cc">
      <Filter>소스 파일</Filter>
    </ClCompile>
    <ClCompile Include="gmobdatamanager.cc">
      <Filter>소스 파일</Filter>
    </ClCompile>
    <ClCompile Include="grandomoption.cc">
      <Filter>소스 파일</Filter>
    </ClCompile>
    <ClCompile Include="gsystemcontrol.cc">
      <Filter>소스 파일</Filter>
    </ClCompile>
    <ClCompile Include="instancecooltimemanager.cc">
      <Filter>소스 파일</Filter>
    </ClCompile>
    <ClCompile Include="instancemapmanager.cc">
      <Filter>소스 파일</Filter>
    </ClCompile>
    <ClCompile Include="listen_sessionTcp.cc">
      <Filter>소스 파일</Filter>
    </ClCompile>
    <ClCompile Include="logsystem.cc">
      <Filter>소스 파일</Filter>
    </ClCompile>
    <ClCompile Include="mcenteraccept.cc">
      <Filter>소스 파일</Filter>
    </ClCompile>
    <ClCompile Include="mcenterservice.cc">
      <Filter>소스 파일</Filter>
    </ClCompile>
    <ClCompile Include="mdbworker.cc">
      <Filter>소스 파일</Filter>
    </ClCompile>
    <ClCompile Include="mloginaccept.cc">
      <Filter>소스 파일</Filter>
    </ClCompile>
    <ClCompile Include="mloginservice.cc">
      <Filter>소스 파일</Filter>
    </ClCompile>
    <ClCompile Include="mservercmd.cc">
      <Filter>소스 파일</Filter>
    </ClCompile>
    <ClCompile Include="mservercmd_service.cc">
      <Filter>소스 파일</Filter>
    </ClCompile>
    <ClCompile Include="mservercommandmanager.cc">
      <Filter>소스 파일</Filter>
    </ClCompile>
    <ClCompile Include="mservermanager.cc">
      <Filter>소스 파일</Filter>
    </ClCompile>
    <ClCompile Include="myha_main.cc">
      <Filter>소스 파일</Filter>
    </ClCompile>
    <ClCompile Include="myhaMaster.cc">
      <Filter>소스 파일</Filter>
    </ClCompile>
    <ClCompile Include="network_util.cc">
      <Filter>소스 파일</Filter>
    </ClCompile>
    <ClCompile Include="ProcessCheck.cc">
      <Filter>소스 파일</Filter>
    </ClCompile>
    <ClCompile Include="random_machine.cc">
      <Filter>소스 파일</Filter>
    </ClCompile>
    <ClCompile Include="rnipdata.cc">
      <Filter>소스 파일</Filter>
    </ClCompile>
    <ClCompile Include="rnpacket.cc">
      <Filter>소스 파일</Filter>
    </ClCompile>
    <ClCompile Include="rnsocketiohandler.cc">
      <Filter>소스 파일</Filter>
    </ClCompile>
    <ClCompile Include="rnSocketIOServiceTcp.cc">
      <Filter>소스 파일</Filter>
    </ClCompile>
    <ClCompile Include="threaddata.cc">
      <Filter>소스 파일</Filter>
    </ClCompile>
    <ClCompile Include="timer_session.cc">
      <Filter>소스 파일</Filter>
    </ClCompile>
    <ClCompile Include="myhaSlave.cc">
      <Filter>소스 파일</Filter>
    </ClCompile>
  </ItemGroup>
  <ItemGroup>
    <None Include="Makefile" />
    <None Include="packages.config" />
  </ItemGroup>
</Project>